<?xml version="1.0" encoding="utf-8"?>
<Project ToolsVersion="4.0" xmlns="http://schemas.microsoft.com/developer/msbuild/2003">
  <ItemGroup>
    <ClCompile Include="Source/Application.cpp" />
    <ClCompile Include="Source/Main.cpp" />
    <ClCompile Include="Source\ModuleLevelSelection.cpp">
      <Filter>Modules\Scenes %28ModuleGame%29</Filter>
    </ClCompile>
    <ClCompile Include="Source/ModuleAudio.cpp">
      <Filter>Modules</Filter>
    </ClCompile>
    <ClCompile Include="Source\ModuleScene.cpp">
      <Filter>Modules</Filter>
    </ClCompile>
    <ClCompile Include="Source/ModulePhysics.cpp">
      <Filter>Modules</Filter>
    </ClCompile>
    <ClCompile Include="Source/ModuleRender.cpp">
      <Filter>Modules</Filter>
    </ClCompile>
    <ClCompile Include="Source\ModuleTexture.cpp">
      <Filter>Modules</Filter>
    </ClCompile>
    <ClCompile Include="Source/ModuleWindow.cpp">
      <Filter>Modules</Filter>
    </ClCompile>
    <ClCompile Include="Source\AnimationSystem.cpp">
      <Filter>Utils</Filter>
    </ClCompile>
    <ClCompile Include="Source\ModuleCredits.cpp">
      <Filter>Modules\Scenes %28ModuleGame%29</Filter>
    </ClCompile>
    <ClCompile Include="Source/Log.cpp">
      <Filter>Utils</Filter>
    </ClCompile>
    <ClCompile Include="Source\Timer.cpp">
      <Filter>Utils</Filter>
    </ClCompile>
    <ClCompile Include="Source\ModuleUserPreferences.cpp">
      <Filter>Modules</Filter>
    </ClCompile>
    <ClCompile Include="Source\ModuleMainMenu.cpp">
      <Filter>Modules\Scenes %28ModuleGame%29</Filter>
    </ClCompile>
    <ClCompile Include="Source\ModuleLanguageSelect.cpp">
      <Filter>Modules\Scenes %28ModuleGame%29</Filter>
    </ClCompile>
    <ClCompile Include="Source\Counter.cpp">
      <Filter>Utils</Filter>
    </ClCompile>
    <ClCompile Include="Source\ModuleSettings.cpp">
      <Filter>Modules\Scenes %28ModuleGame%29</Filter>
    </ClCompile>
    <ClCompile Include="Source\ModuleKeybinds.cpp">
      <Filter>Modules\Scenes %28ModuleGame%29</Filter>
    </ClCompile>
    <ClCompile Include="Source\ModuleHighScore.cpp">
      <Filter>Modules\Scenes %28ModuleGame%29</Filter>
    </ClCompile>
  </ItemGroup>
  <ItemGroup>
    <ClInclude Include="Source/Application.h" />
    <ClInclude Include="Source/Globals.h" />
    <ClInclude Include="Source\ModuleLevelSelection.h">
      <Filter>Modules\Scenes %28ModuleGame%29</Filter>
    </ClInclude>
    <ClInclude Include="Source/Module.h">
      <Filter>Modules</Filter>
    </ClInclude>
    <ClInclude Include="Source/ModuleAudio.h">
      <Filter>Modules</Filter>
    </ClInclude>
    <ClInclude Include="Source\ModuleScene.h">
      <Filter>Modules</Filter>
    </ClInclude>
    <ClInclude Include="Source/ModulePhysics.h">
      <Filter>Modules</Filter>
    </ClInclude>
    <ClInclude Include="Source/ModuleRender.h">
      <Filter>Modules</Filter>
    </ClInclude>
    <ClInclude Include="Source\ModuleTexture.h">
      <Filter>Modules</Filter>
    </ClInclude>
    <ClInclude Include="Source/ModuleWindow.h">
      <Filter>Modules</Filter>
    </ClInclude>
    <ClInclude Include="Source\AnimationSystem.h">
      <Filter>Utils</Filter>
    </ClInclude>
    <ClInclude Include="Source\ModuleCredits.h">
      <Filter>Modules\Scenes %28ModuleGame%29</Filter>
    </ClInclude>
    <ClInclude Include="Source\Timer.h">
      <Filter>Utils</Filter>
    </ClInclude>
    <ClInclude Include="Source/p2Point.h">
      <Filter>Utils</Filter>
    </ClInclude>
    <ClInclude Include="Source\ModuleUserPreferences.h">
      <Filter>Modules</Filter>
    </ClInclude>
    <ClInclude Include="Source\ModuleMainMenu.h">
      <Filter>Modules\Scenes %28ModuleGame%29</Filter>
    </ClInclude>
    <ClInclude Include="Source\ModuleLanguageSelect.h">
      <Filter>Modules\Scenes %28ModuleGame%29</Filter>
    </ClInclude>
    <ClInclude Include="Source\Counter.h">
      <Filter>Utils</Filter>
    </ClInclude>
    <ClInclude Include="Source\ModuleSettings.h">
      <Filter>Modules\Scenes %28ModuleGame%29</Filter>
    </ClInclude>
    <ClInclude Include="Source\ModuleKeybinds.h">
      <Filter>Modules\Scenes %28ModuleGame%29</Filter>
    </ClInclude>
    <ClInclude Include="Source\ModuleHighScore.h">
      <Filter>Modules\Scenes %28ModuleGame%29</Filter>
    </ClInclude>
  </ItemGroup>
  <ItemGroup>
    <ResourceCompile Include="Source\resources.rc" />
  </ItemGroup>
  <ItemGroup>
    <Filter Include="Modules">
      <UniqueIdentifier>{356ac984-0a85-4ac1-b9ff-e4840aff66b1}</UniqueIdentifier>
    </Filter>
    <Filter Include="Modules\Scenes %28ModuleGame%29">
      <UniqueIdentifier>{6efed187-946c-4a1a-9719-ba0a4d78149c}</UniqueIdentifier>
    </Filter>
    <Filter Include="Utils">
      <UniqueIdentifier>{7ff14ab1-7b05-465f-8926-685df6f9b282}</UniqueIdentifier>
    </Filter>
    <Filter Include="Config">
      <UniqueIdentifier>{c76f2fff-4b22-4639-abc5-e1d97d2b3b85}</UniqueIdentifier>
    </Filter>
  </ItemGroup>
  <ItemGroup>
    <Xml Include="Assets\Preferences\UserPreferences.xml">
      <Filter>Config</Filter>
    </Xml>
  </ItemGroup>
</Project>